
Microsoft Visual Studio Solution File, Format Version 12.00
# Visual Studio Version 16
VisualStudioVersion = 16.0.30204.135
MinimumVisualStudioVersion = 10.0.40219.1
Project("{FAE04EC0-301F-11D3-BF4B-00C04F79EFBC}") = "EditorTutorial.Android", "EditorTutorial\EditorTutorial.Android\EditorTutorial.Android.csproj", "{AF27293E-C21E-4F64-8CB4-79EA11C9512E}"
EndProject
Project("{FAE04EC0-301F-11D3-BF4B-00C04F79EFBC}") = "EditorTutorial", "EditorTutorial\EditorTutorial\EditorTutorial.csproj", "{05755CF7-2BCF-4128-BBB2-9D9EF9D1EF6F}"
EndProject
Global
	GlobalSection(SolutionConfigurationPlatforms) = preSolution
		Debug|Any CPU = Debug|Any CPU
		Release|Any CPU = Release|Any CPU
	EndGlobalSection
	GlobalSection(ProjectConfigurationPlatforms) = postSolution
		{AF27293E-C21E-4F64-8CB4-79EA11C9512E}.Debug|Any CPU.ActiveCfg = Debug|Any CPU
		{AF27293E-C21E-4F64-8CB4-79EA11C9512E}.Debug|Any CPU.Build.0 = Debug|Any CPU
		{AF27293E-C21E-4F64-8CB4-79EA11C9512E}.Debug|Any CPU.Deploy.0 = Debug|Any CPU
		{AF27293E-C21E-4F64-8CB4-79EA11C9512E}.Release|Any CPU.ActiveCfg = Release|Any CPU
		{AF27293E-C21E-4F64-8CB4-79EA11C9512E}.Release|Any CPU.Build.0 = Release|Any CPU
		{AF27293E-C21E-4F64-8CB4-79EA11C9512E}.Release|Any CPU.Deploy.0 = Release|Any CPU
		{05755CF7-2BCF-4128-BBB2-9D9EF9D1EF6F}.Debug|Any CPU.ActiveCfg = Debug|Any CPU
		{05755CF7-2BCF-4128-BBB2-9D9EF9D1EF6F}.Debug|Any CPU.Build.0 = Debug|Any CPU
		{05755CF7-2BCF-4128-BBB2-9D9EF9D1EF6F}.Debug|Any CPU.Deploy.0 = Debug|Any CPU
		{05755CF7-2BCF-4128-BBB2-9D9EF9D1EF6F}.Release|Any CPU.ActiveCfg = Release|Any CPU
		{05755CF7-2BCF-4128-BBB2-9D9EF9D1EF6F}.Release|Any CPU.Build.0 = Release|Any CPU
		{05755CF7-2BCF-4128-BBB2-9D9EF9D1EF6F}.Release|Any CPU.Deploy.0 = Release|Any CPU
	EndGlobalSection
	GlobalSection(SolutionProperties) = preSolution
		HideSolutionNode = FALSE
	EndGlobalSection
	GlobalSection(ExtensibilityGlobals) = postSolution
		SolutionGuid = {6F454AED-0207-4263-B73C-EFAA591E35A4}
	EndGlobalSection
EndGlobal
